
Microsoft Visual Studio Solution File, Format Version 12.00
# Visual Studio Version 17
VisualStudioVersion = 17.4.32804.182
MinimumVisualStudioVersion = 10.0.40219.1
Project("{FAE04EC0-301F-11D3-BF4B-00C04F79EFBC}") = "assignment8_AndreiKazakov", "assignment8_AndreiKazakov.csproj", "{665F1A33-9D42-4721-AFB7-40D8D21F53EA}"
EndProject
Global
	GlobalSection(SolutionConfigurationPlatforms) = preSolution
		Debug|Any CPU = Debug|Any CPU
		Release|Any CPU = Release|Any CPU
	EndGlobalSection
	GlobalSection(ProjectConfigurationPlatforms) = postSolution
		{665F1A33-9D42-4721-AFB7-40D8D21F53EA}.Debug|Any CPU.ActiveCfg = Debug|Any CPU
		{665F1A33-9D42-4721-AFB7-40D8D21F53EA}.Debug|Any CPU.Build.0 = Debug|Any CPU
		{665F1A33-9D42-4721-AFB7-40D8D21F53EA}.Release|Any CPU.ActiveCfg = Release|Any CPU
		{665F1A33-9D42-4721-AFB7-40D8D21F53EA}.Release|Any CPU.Build.0 = Release|Any CPU
	EndGlobalSection
	GlobalSection(SolutionProperties) = preSolution
		HideSolutionNode = FALSE
	EndGlobalSection
	GlobalSection(ExtensibilityGlobals) = postSolution
		SolutionGuid = {F77CA028-C901-4405-901D-B978F814C5AD}
	EndGlobalSection
EndGlobal
